{
  "name": "@muahchee/image-carousel",
  "version": "1.0.2",
  "lockfileVersion": 3,
  "requires": true,
  "packages": {
    "": {
      "name": "@muahchee/image-carousel",
      "version": "1.0.2",
      "license": "ISC",
      "dependencies": {
        "@muahchee/image-carousel": "^1.0.2"
      }
    },
    "node_modules/@muahchee/image-carousel": {
      "version": "1.0.2",
      "resolved": "https://registry.npmjs.org/@muahchee/image-carousel/-/image-carousel-1.0.2.tgz",
      "integrity": "sha512-2/uP5ZzkwFBXbRILXmNF/Rlu+1Vtl5yFPGqcswyEsUripzDxL4Kgo/bsAxTCEQZQytvI4T1HEI7W5Mb6pfofhw==",
      "license": "ISC"
    }
  }
}
